
Microsoft Visual Studio Solution File, Format Version 12.00
# Visual Studio Version 16
VisualStudioVersion = 16.0.31702.278
MinimumVisualStudioVersion = 10.0.40219.1
Project("{F184B08F-C81C-45F6-A57F-5ABD9991F28F}") = "SurveillanceCuve", "SurveillanceCuve\SurveillanceCuve.vbproj", "{4F5E3DBC-FCC4-46A8-AF59-3A16E91BF41D}"
EndProject
Global
	GlobalSection(SolutionConfigurationPlatforms) = preSolution
		Debug|Any CPU = Debug|Any CPU
		Release|Any CPU = Release|Any CPU
	EndGlobalSection
	GlobalSection(ProjectConfigurationPlatforms) = postSolution
		{4F5E3DBC-FCC4-46A8-AF59-3A16E91BF41D}.Debug|Any CPU.ActiveCfg = Debug|Any CPU
		{4F5E3DBC-FCC4-46A8-AF59-3A16E91BF41D}.Debug|Any CPU.Build.0 = Debug|Any CPU
		{4F5E3DBC-FCC4-46A8-AF59-3A16E91BF41D}.Release|Any CPU.ActiveCfg = Release|Any CPU
		{4F5E3DBC-FCC4-46A8-AF59-3A16E91BF41D}.Release|Any CPU.Build.0 = Release|Any CPU
	EndGlobalSection
	GlobalSection(SolutionProperties) = preSolution
		HideSolutionNode = FALSE
	EndGlobalSection
	GlobalSection(ExtensibilityGlobals) = postSolution
		SolutionGuid = {691431B9-941A-4EB4-A6A2-1E2880D395BB}
	EndGlobalSection
EndGlobal
